
Microsoft Visual Studio Solution File, Format Version 12.00
# Visual Studio Version 16
VisualStudioVersion = 16.0.31424.327
MinimumVisualStudioVersion = 10.0.40219.1
Project("{FAE04EC0-301F-11D3-BF4B-00C04F79EFBC}") = "ProcessKiller", "ProcessKiller\ProcessKiller.csproj", "{520F1A48-40B3-4210-941F-FD3E54929A6E}"
EndProject
Global
	GlobalSection(SolutionConfigurationPlatforms) = preSolution
		Debug|Any CPU = Debug|Any CPU
		Release|Any CPU = Release|Any CPU
	EndGlobalSection
	GlobalSection(ProjectConfigurationPlatforms) = postSolution
		{520F1A48-40B3-4210-941F-FD3E54929A6E}.Debug|Any CPU.ActiveCfg = Debug|Any CPU
		{520F1A48-40B3-4210-941F-FD3E54929A6E}.Debug|Any CPU.Build.0 = Debug|Any CPU
		{520F1A48-40B3-4210-941F-FD3E54929A6E}.Release|Any CPU.ActiveCfg = Release|Any CPU
		{520F1A48-40B3-4210-941F-FD3E54929A6E}.Release|Any CPU.Build.0 = Release|Any CPU
	EndGlobalSection
	GlobalSection(SolutionProperties) = preSolution
		HideSolutionNode = FALSE
	EndGlobalSection
	GlobalSection(ExtensibilityGlobals) = postSolution
		SolutionGuid = {DC587D5D-8941-4711-9302-BBDA7C629372}
	EndGlobalSection
EndGlobal
